
Microsoft Visual Studio Solution File, Format Version 12.00
# Visual Studio 15
VisualStudioVersion = 15.0.27703.2047
MinimumVisualStudioVersion = 10.0.40219.1
Project("{FAE04EC0-301F-11D3-BF4B-00C04F79EFBC}") = "OMS", "OMS\OMS.csproj", "{6BEC7D9C-F6F7-42CD-AD4A-566A6A8CC267}"
EndProject
Project("{FAE04EC0-301F-11D3-BF4B-00C04F79EFBC}") = "Dashboard", "Dashboard\Dashboard.csproj", "{84709585-62A4-419C-B0D9-56B2BC8149A1}"
EndProject
Project("{FAE04EC0-301F-11D3-BF4B-00C04F79EFBC}") = "Orders", "Orders\Orders.csproj", "{D58D4377-44C9-4B8A-814E-52532A934C7F}"
EndProject
Project("{FAE04EC0-301F-11D3-BF4B-00C04F79EFBC}") = "Entities", "Entities\Entities.csproj", "{57F74996-A7BD-41A8-A71B-EC21C3EFB639}"
EndProject
Project("{2150E333-8FDC-42A3-9474-1A3956D46DE8}") = "Modules", "Modules", "{557446B4-BEBA-4F54-9C16-A58E0B564F53}"
EndProject
Project("{FAE04EC0-301F-11D3-BF4B-00C04F79EFBC}") = "Infrastructure", "Infrastructure\Infrastructure.csproj", "{8A7D988C-B192-4D03-8F8B-1F35C9855FB3}"
EndProject
Project("{FAE04EC0-301F-11D3-BF4B-00C04F79EFBC}") = "Customers", "Customers\Customers.csproj", "{90EB2EB3-8F64-4613-8F61-BEC2E61B2384}"
EndProject
Project("{FAE04EC0-301F-11D3-BF4B-00C04F79EFBC}") = "Employees", "Employees\Employees.csproj", "{E761CBD0-B4D7-4BAC-8474-D5F71367B76F}"
EndProject
Project("{FAE04EC0-301F-11D3-BF4B-00C04F79EFBC}") = "Products", "Products\Products.csproj", "{16F59304-B389-4FBC-A3C4-0D50D96DFBC5}"
EndProject
Project("{FAE04EC0-301F-11D3-BF4B-00C04F79EFBC}") = "Banner", "Banner\Banner.csproj", "{8E8B6C15-64AE-4BD5-B38B-25F9473DC287}"
EndProject
Project("{2150E333-8FDC-42A3-9474-1A3956D46DE8}") = "Data", "Data", "{1F136DAA-39BD-47F0-8D7C-FA2496D4AA8C}"
EndProject
Project("{FAE04EC0-301F-11D3-BF4B-00C04F79EFBC}") = "DAL_LocalDb", "DAL_LocalDb\DAL_LocalDb.csproj", "{D495FB75-828D-44FF-B363-79383614BFC2}"
EndProject
Global
	GlobalSection(SolutionConfigurationPlatforms) = preSolution
		Debug|Any CPU = Debug|Any CPU
		Release|Any CPU = Release|Any CPU
	EndGlobalSection
	GlobalSection(ProjectConfigurationPlatforms) = postSolution
		{6BEC7D9C-F6F7-42CD-AD4A-566A6A8CC267}.Debug|Any CPU.ActiveCfg = Debug|Any CPU
		{6BEC7D9C-F6F7-42CD-AD4A-566A6A8CC267}.Debug|Any CPU.Build.0 = Debug|Any CPU
		{6BEC7D9C-F6F7-42CD-AD4A-566A6A8CC267}.Release|Any CPU.ActiveCfg = Release|Any CPU
		{6BEC7D9C-F6F7-42CD-AD4A-566A6A8CC267}.Release|Any CPU.Build.0 = Release|Any CPU
		{84709585-62A4-419C-B0D9-56B2BC8149A1}.Debug|Any CPU.ActiveCfg = Debug|Any CPU
		{84709585-62A4-419C-B0D9-56B2BC8149A1}.Debug|Any CPU.Build.0 = Debug|Any CPU
		{84709585-62A4-419C-B0D9-56B2BC8149A1}.Release|Any CPU.ActiveCfg = Release|Any CPU
		{84709585-62A4-419C-B0D9-56B2BC8149A1}.Release|Any CPU.Build.0 = Release|Any CPU
		{D58D4377-44C9-4B8A-814E-52532A934C7F}.Debug|Any CPU.ActiveCfg = Debug|Any CPU
		{D58D4377-44C9-4B8A-814E-52532A934C7F}.Debug|Any CPU.Build.0 = Debug|Any CPU
		{D58D4377-44C9-4B8A-814E-52532A934C7F}.Release|Any CPU.ActiveCfg = Release|Any CPU
		{D58D4377-44C9-4B8A-814E-52532A934C7F}.Release|Any CPU.Build.0 = Release|Any CPU
		{57F74996-A7BD-41A8-A71B-EC21C3EFB639}.Debug|Any CPU.ActiveCfg = Debug|Any CPU
		{57F74996-A7BD-41A8-A71B-EC21C3EFB639}.Debug|Any CPU.Build.0 = Debug|Any CPU
		{57F74996-A7BD-41A8-A71B-EC21C3EFB639}.Release|Any CPU.ActiveCfg = Release|Any CPU
		{57F74996-A7BD-41A8-A71B-EC21C3EFB639}.Release|Any CPU.Build.0 = Release|Any CPU
		{8A7D988C-B192-4D03-8F8B-1F35C9855FB3}.Debug|Any CPU.ActiveCfg = Debug|Any CPU
		{8A7D988C-B192-4D03-8F8B-1F35C9855FB3}.Debug|Any CPU.Build.0 = Debug|Any CPU
		{8A7D988C-B192-4D03-8F8B-1F35C9855FB3}.Release|Any CPU.ActiveCfg = Release|Any CPU
		{8A7D988C-B192-4D03-8F8B-1F35C9855FB3}.Release|Any CPU.Build.0 = Release|Any CPU
		{90EB2EB3-8F64-4613-8F61-BEC2E61B2384}.Debug|Any CPU.ActiveCfg = Debug|Any CPU
		{90EB2EB3-8F64-4613-8F61-BEC2E61B2384}.Debug|Any CPU.Build.0 = Debug|Any CPU
		{90EB2EB3-8F64-4613-8F61-BEC2E61B2384}.Release|Any CPU.ActiveCfg = Release|Any CPU
		{90EB2EB3-8F64-4613-8F61-BEC2E61B2384}.Release|Any CPU.Build.0 = Release|Any CPU
		{E761CBD0-B4D7-4BAC-8474-D5F71367B76F}.Debug|Any CPU.ActiveCfg = Debug|Any CPU
		{E761CBD0-B4D7-4BAC-8474-D5F71367B76F}.Debug|Any CPU.Build.0 = Debug|Any CPU
		{E761CBD0-B4D7-4BAC-8474-D5F71367B76F}.Release|Any CPU.ActiveCfg = Release|Any CPU
		{E761CBD0-B4D7-4BAC-8474-D5F71367B76F}.Release|Any CPU.Build.0 = Release|Any CPU
		{16F59304-B389-4FBC-A3C4-0D50D96DFBC5}.Debug|Any CPU.ActiveCfg = Debug|Any CPU
		{16F59304-B389-4FBC-A3C4-0D50D96DFBC5}.Debug|Any CPU.Build.0 = Debug|Any CPU
		{16F59304-B389-4FBC-A3C4-0D50D96DFBC5}.Release|Any CPU.ActiveCfg = Release|Any CPU
		{16F59304-B389-4FBC-A3C4-0D50D96DFBC5}.Release|Any CPU.Build.0 = Release|Any CPU
		{8E8B6C15-64AE-4BD5-B38B-25F9473DC287}.Debug|Any CPU.ActiveCfg = Debug|Any CPU
		{8E8B6C15-64AE-4BD5-B38B-25F9473DC287}.Debug|Any CPU.Build.0 = Debug|Any CPU
		{8E8B6C15-64AE-4BD5-B38B-25F9473DC287}.Release|Any CPU.ActiveCfg = Release|Any CPU
		{8E8B6C15-64AE-4BD5-B38B-25F9473DC287}.Release|Any CPU.Build.0 = Release|Any CPU
		{D495FB75-828D-44FF-B363-79383614BFC2}.Debug|Any CPU.ActiveCfg = Debug|Any CPU
		{D495FB75-828D-44FF-B363-79383614BFC2}.Debug|Any CPU.Build.0 = Debug|Any CPU
		{D495FB75-828D-44FF-B363-79383614BFC2}.Release|Any CPU.ActiveCfg = Release|Any CPU
		{D495FB75-828D-44FF-B363-79383614BFC2}.Release|Any CPU.Build.0 = Release|Any CPU
	EndGlobalSection
	GlobalSection(SolutionProperties) = preSolution
		HideSolutionNode = FALSE
	EndGlobalSection
	GlobalSection(NestedProjects) = preSolution
		{84709585-62A4-419C-B0D9-56B2BC8149A1} = {557446B4-BEBA-4F54-9C16-A58E0B564F53}
		{D58D4377-44C9-4B8A-814E-52532A934C7F} = {557446B4-BEBA-4F54-9C16-A58E0B564F53}
		{57F74996-A7BD-41A8-A71B-EC21C3EFB639} = {557446B4-BEBA-4F54-9C16-A58E0B564F53}
		{90EB2EB3-8F64-4613-8F61-BEC2E61B2384} = {557446B4-BEBA-4F54-9C16-A58E0B564F53}
		{E761CBD0-B4D7-4BAC-8474-D5F71367B76F} = {557446B4-BEBA-4F54-9C16-A58E0B564F53}
		{16F59304-B389-4FBC-A3C4-0D50D96DFBC5} = {557446B4-BEBA-4F54-9C16-A58E0B564F53}
		{8E8B6C15-64AE-4BD5-B38B-25F9473DC287} = {557446B4-BEBA-4F54-9C16-A58E0B564F53}
		{D495FB75-828D-44FF-B363-79383614BFC2} = {1F136DAA-39BD-47F0-8D7C-FA2496D4AA8C}
	EndGlobalSection
	GlobalSection(ExtensibilityGlobals) = postSolution
		SolutionGuid = {99D67FC2-8925-4685-B648-BB94E16C0360}
	EndGlobalSection
	GlobalSection(Performance) = preSolution
		HasPerformanceSessions = true
	EndGlobalSection
EndGlobal
