
Microsoft Visual Studio Solution File, Format Version 12.00
# Visual Studio 15
VisualStudioVersion = 15.0.27703.2047
MinimumVisualStudioVersion = 10.0.40219.1
Project("{FAE04EC0-301F-11D3-BF4B-00C04F79EFBC}") = "OMS", "OMS\OMS.csproj", "{6BEC7D9C-F6F7-42CD-AD4A-566A6A8CC267}"
EndProject
Project("{FAE04EC0-301F-11D3-BF4B-00C04F79EFBC}") = "Dashboard", "Dashboard\Dashboard.csproj", "{84709585-62A4-419C-B0D9-56B2BC8149A1}"
EndProject
Project("{FAE04EC0-301F-11D3-BF4B-00C04F79EFBC}") = "Orders", "Orders\Orders.csproj", "{D58D4377-44C9-4B8A-814E-52532A934C7F}"
EndProject
Project("{FAE04EC0-301F-11D3-BF4B-00C04F79EFBC}") = "Entities", "Entities\Entities.csproj", "{57F74996-A7BD-41A8-A71B-EC21C3EFB639}"
EndProject
Global
	GlobalSection(SolutionConfigurationPlatforms) = preSolution
		Debug|Any CPU = Debug|Any CPU
		Release|Any CPU = Release|Any CPU
	EndGlobalSection
	GlobalSection(ProjectConfigurationPlatforms) = postSolution
		{6BEC7D9C-F6F7-42CD-AD4A-566A6A8CC267}.Debug|Any CPU.ActiveCfg = Debug|Any CPU
		{6BEC7D9C-F6F7-42CD-AD4A-566A6A8CC267}.Debug|Any CPU.Build.0 = Debug|Any CPU
		{6BEC7D9C-F6F7-42CD-AD4A-566A6A8CC267}.Release|Any CPU.ActiveCfg = Release|Any CPU
		{6BEC7D9C-F6F7-42CD-AD4A-566A6A8CC267}.Release|Any CPU.Build.0 = Release|Any CPU
		{84709585-62A4-419C-B0D9-56B2BC8149A1}.Debug|Any CPU.ActiveCfg = Debug|Any CPU
		{84709585-62A4-419C-B0D9-56B2BC8149A1}.Debug|Any CPU.Build.0 = Debug|Any CPU
		{84709585-62A4-419C-B0D9-56B2BC8149A1}.Release|Any CPU.ActiveCfg = Release|Any CPU
		{84709585-62A4-419C-B0D9-56B2BC8149A1}.Release|Any CPU.Build.0 = Release|Any CPU
		{D58D4377-44C9-4B8A-814E-52532A934C7F}.Debug|Any CPU.ActiveCfg = Debug|Any CPU
		{D58D4377-44C9-4B8A-814E-52532A934C7F}.Debug|Any CPU.Build.0 = Debug|Any CPU
		{D58D4377-44C9-4B8A-814E-52532A934C7F}.Release|Any CPU.ActiveCfg = Release|Any CPU
		{D58D4377-44C9-4B8A-814E-52532A934C7F}.Release|Any CPU.Build.0 = Release|Any CPU
		{57F74996-A7BD-41A8-A71B-EC21C3EFB639}.Debug|Any CPU.ActiveCfg = Debug|Any CPU
		{57F74996-A7BD-41A8-A71B-EC21C3EFB639}.Debug|Any CPU.Build.0 = Debug|Any CPU
		{57F74996-A7BD-41A8-A71B-EC21C3EFB639}.Release|Any CPU.ActiveCfg = Release|Any CPU
		{57F74996-A7BD-41A8-A71B-EC21C3EFB639}.Release|Any CPU.Build.0 = Release|Any CPU
	EndGlobalSection
	GlobalSection(SolutionProperties) = preSolution
		HideSolutionNode = FALSE
	EndGlobalSection
	GlobalSection(ExtensibilityGlobals) = postSolution
		SolutionGuid = {99D67FC2-8925-4685-B648-BB94E16C0360}
	EndGlobalSection
EndGlobal
